
Microsoft Visual Studio Solution File, Format Version 12.00
# Visual Studio Version 17
VisualStudioVersion = 17.2.32414.248
MinimumVisualStudioVersion = 10.0.40219.1
Project("{9A19103F-16F7-4668-BE54-9A1E7A4F7556}") = "Console", "Console\Console.csproj", "{DB5AE002-0D45-4D5A-8C76-81813B2EE11D}"
EndProject
Project("{FAE04EC0-301F-11D3-BF4B-00C04F79EFBC}") = "ServiceAgRPC", "ServiceAgRPC\ServiceAgRPC.csproj", "{A9BA2EE2-E614-4C70-88AF-261351935A30}"
EndProject
Global
	GlobalSection(SolutionConfigurationPlatforms) = preSolution
		Debug|Any CPU = Debug|Any CPU
		Release|Any CPU = Release|Any CPU
	EndGlobalSection
	GlobalSection(ProjectConfigurationPlatforms) = postSolution
		{DB5AE002-0D45-4D5A-8C76-81813B2EE11D}.Debug|Any CPU.ActiveCfg = Debug|Any CPU
		{DB5AE002-0D45-4D5A-8C76-81813B2EE11D}.Debug|Any CPU.Build.0 = Debug|Any CPU
		{DB5AE002-0D45-4D5A-8C76-81813B2EE11D}.Release|Any CPU.ActiveCfg = Release|Any CPU
		{DB5AE002-0D45-4D5A-8C76-81813B2EE11D}.Release|Any CPU.Build.0 = Release|Any CPU
		{A9BA2EE2-E614-4C70-88AF-261351935A30}.Debug|Any CPU.ActiveCfg = Debug|Any CPU
		{A9BA2EE2-E614-4C70-88AF-261351935A30}.Debug|Any CPU.Build.0 = Debug|Any CPU
		{A9BA2EE2-E614-4C70-88AF-261351935A30}.Release|Any CPU.ActiveCfg = Release|Any CPU
		{A9BA2EE2-E614-4C70-88AF-261351935A30}.Release|Any CPU.Build.0 = Release|Any CPU
	EndGlobalSection
	GlobalSection(SolutionProperties) = preSolution
		HideSolutionNode = FALSE
	EndGlobalSection
	GlobalSection(ExtensibilityGlobals) = postSolution
		SolutionGuid = {38CE69FB-D847-4027-A573-06046C857B0C}
	EndGlobalSection
EndGlobal
